
Microsoft Visual Studio Solution File, Format Version 12.00
# Visual Studio Version 17
VisualStudioVersion = 17.14.36717.8 d17.14
MinimumVisualStudioVersion = 10.0.40219.1
Project("{FAE04EC0-301F-11D3-BF4B-00C04F79EFBC}") = "PZ1C#Task3", "PZ1C#Task3\PZ1C#Task3.csproj", "{4739C907-483B-41C6-8A0F-CC22258C37F9}"
EndProject
Global
	GlobalSection(SolutionConfigurationPlatforms) = preSolution
		Debug|Any CPU = Debug|Any CPU
		Release|Any CPU = Release|Any CPU
	EndGlobalSection
	GlobalSection(ProjectConfigurationPlatforms) = postSolution
		{4739C907-483B-41C6-8A0F-CC22258C37F9}.Debug|Any CPU.ActiveCfg = Debug|Any CPU
		{4739C907-483B-41C6-8A0F-CC22258C37F9}.Debug|Any CPU.Build.0 = Debug|Any CPU
		{4739C907-483B-41C6-8A0F-CC22258C37F9}.Release|Any CPU.ActiveCfg = Release|Any CPU
		{4739C907-483B-41C6-8A0F-CC22258C37F9}.Release|Any CPU.Build.0 = Release|Any CPU
	EndGlobalSection
	GlobalSection(SolutionProperties) = preSolution
		HideSolutionNode = FALSE
	EndGlobalSection
	GlobalSection(ExtensibilityGlobals) = postSolution
		SolutionGuid = {6278DA73-06FA-4EFF-8B40-F3DAB07F93EA}
	EndGlobalSection
EndGlobal
